
Microsoft Visual Studio Solution File, Format Version 12.00
# Visual Studio Version 16
VisualStudioVersion = 16.0.30523.141
MinimumVisualStudioVersion = 10.0.40219.1
Project("{FAE04EC0-301F-11D3-BF4B-00C04F79EFBC}") = "GpsDemoApp.Android", "GpsDemoApp\GpsDemoApp.Android\GpsDemoApp.Android.csproj", "{F4359669-CAD9-4655-A2D3-DFF17C680CE9}"
EndProject
Project("{FAE04EC0-301F-11D3-BF4B-00C04F79EFBC}") = "GpsDemoApp.iOS", "GpsDemoApp\GpsDemoApp.iOS\GpsDemoApp.iOS.csproj", "{803D4612-8005-4F03-B9BD-15297A81CDCC}"
EndProject
Project("{9A19103F-16F7-4668-BE54-9A1E7A4F7556}") = "GpsDemoApp", "GpsDemoApp\GpsDemoApp\GpsDemoApp.csproj", "{DB118D4D-B4AC-4DD3-A979-9BE80A25262F}"
EndProject
Global
	GlobalSection(SolutionConfigurationPlatforms) = preSolution
		Debug|Any CPU = Debug|Any CPU
		Debug|iPhone = Debug|iPhone
		Debug|iPhoneSimulator = Debug|iPhoneSimulator
		Release|Any CPU = Release|Any CPU
		Release|iPhone = Release|iPhone
		Release|iPhoneSimulator = Release|iPhoneSimulator
	EndGlobalSection
	GlobalSection(ProjectConfigurationPlatforms) = postSolution
		{F4359669-CAD9-4655-A2D3-DFF17C680CE9}.Debug|Any CPU.ActiveCfg = Debug|Any CPU
		{F4359669-CAD9-4655-A2D3-DFF17C680CE9}.Debug|Any CPU.Build.0 = Debug|Any CPU
		{F4359669-CAD9-4655-A2D3-DFF17C680CE9}.Debug|Any CPU.Deploy.0 = Debug|Any CPU
		{F4359669-CAD9-4655-A2D3-DFF17C680CE9}.Debug|iPhone.ActiveCfg = Debug|Any CPU
		{F4359669-CAD9-4655-A2D3-DFF17C680CE9}.Debug|iPhone.Build.0 = Debug|Any CPU
		{F4359669-CAD9-4655-A2D3-DFF17C680CE9}.Debug|iPhone.Deploy.0 = Debug|Any CPU
		{F4359669-CAD9-4655-A2D3-DFF17C680CE9}.Debug|iPhoneSimulator.ActiveCfg = Debug|Any CPU
		{F4359669-CAD9-4655-A2D3-DFF17C680CE9}.Debug|iPhoneSimulator.Build.0 = Debug|Any CPU
		{F4359669-CAD9-4655-A2D3-DFF17C680CE9}.Debug|iPhoneSimulator.Deploy.0 = Debug|Any CPU
		{F4359669-CAD9-4655-A2D3-DFF17C680CE9}.Release|Any CPU.ActiveCfg = Release|Any CPU
		{F4359669-CAD9-4655-A2D3-DFF17C680CE9}.Release|Any CPU.Build.0 = Release|Any CPU
		{F4359669-CAD9-4655-A2D3-DFF17C680CE9}.Release|Any CPU.Deploy.0 = Release|Any CPU
		{F4359669-CAD9-4655-A2D3-DFF17C680CE9}.Release|iPhone.ActiveCfg = Release|Any CPU
		{F4359669-CAD9-4655-A2D3-DFF17C680CE9}.Release|iPhone.Build.0 = Release|Any CPU
		{F4359669-CAD9-4655-A2D3-DFF17C680CE9}.Release|iPhone.Deploy.0 = Release|Any CPU
		{F4359669-CAD9-4655-A2D3-DFF17C680CE9}.Release|iPhoneSimulator.ActiveCfg = Release|Any CPU
		{F4359669-CAD9-4655-A2D3-DFF17C680CE9}.Release|iPhoneSimulator.Build.0 = Release|Any CPU
		{F4359669-CAD9-4655-A2D3-DFF17C680CE9}.Release|iPhoneSimulator.Deploy.0 = Release|Any CPU
		{803D4612-8005-4F03-B9BD-15297A81CDCC}.Debug|Any CPU.ActiveCfg = Debug|iPhone
		{803D4612-8005-4F03-B9BD-15297A81CDCC}.Debug|Any CPU.Build.0 = Debug|iPhone
		{803D4612-8005-4F03-B9BD-15297A81CDCC}.Debug|Any CPU.Deploy.0 = Debug|iPhone
		{803D4612-8005-4F03-B9BD-15297A81CDCC}.Debug|iPhone.ActiveCfg = Debug|iPhone
		{803D4612-8005-4F03-B9BD-15297A81CDCC}.Debug|iPhone.Build.0 = Debug|iPhone
		{803D4612-8005-4F03-B9BD-15297A81CDCC}.Debug|iPhone.Deploy.0 = Debug|iPhone
		{803D4612-8005-4F03-B9BD-15297A81CDCC}.Debug|iPhoneSimulator.ActiveCfg = Debug|iPhoneSimulator
		{803D4612-8005-4F03-B9BD-15297A81CDCC}.Debug|iPhoneSimulator.Build.0 = Debug|iPhoneSimulator
		{803D4612-8005-4F03-B9BD-15297A81CDCC}.Debug|iPhoneSimulator.Deploy.0 = Debug|iPhoneSimulator
		{803D4612-8005-4F03-B9BD-15297A81CDCC}.Release|Any CPU.ActiveCfg = Release|iPhoneSimulator
		{803D4612-8005-4F03-B9BD-15297A81CDCC}.Release|Any CPU.Build.0 = Release|iPhoneSimulator
		{803D4612-8005-4F03-B9BD-15297A81CDCC}.Release|Any CPU.Deploy.0 = Release|iPhoneSimulator
		{803D4612-8005-4F03-B9BD-15297A81CDCC}.Release|iPhone.ActiveCfg = Release|iPhone
		{803D4612-8005-4F03-B9BD-15297A81CDCC}.Release|iPhone.Build.0 = Release|iPhone
		{803D4612-8005-4F03-B9BD-15297A81CDCC}.Release|iPhone.Deploy.0 = Release|iPhone
		{803D4612-8005-4F03-B9BD-15297A81CDCC}.Release|iPhoneSimulator.ActiveCfg = Release|iPhoneSimulator
		{803D4612-8005-4F03-B9BD-15297A81CDCC}.Release|iPhoneSimulator.Build.0 = Release|iPhoneSimulator
		{803D4612-8005-4F03-B9BD-15297A81CDCC}.Release|iPhoneSimulator.Deploy.0 = Release|iPhoneSimulator
		{DB118D4D-B4AC-4DD3-A979-9BE80A25262F}.Debug|Any CPU.ActiveCfg = Debug|Any CPU
		{DB118D4D-B4AC-4DD3-A979-9BE80A25262F}.Debug|Any CPU.Build.0 = Debug|Any CPU
		{DB118D4D-B4AC-4DD3-A979-9BE80A25262F}.Debug|Any CPU.Deploy.0 = Debug|Any CPU
		{DB118D4D-B4AC-4DD3-A979-9BE80A25262F}.Debug|iPhone.ActiveCfg = Debug|Any CPU
		{DB118D4D-B4AC-4DD3-A979-9BE80A25262F}.Debug|iPhone.Build.0 = Debug|Any CPU
		{DB118D4D-B4AC-4DD3-A979-9BE80A25262F}.Debug|iPhone.Deploy.0 = Debug|Any CPU
		{DB118D4D-B4AC-4DD3-A979-9BE80A25262F}.Debug|iPhoneSimulator.ActiveCfg = Debug|Any CPU
		{DB118D4D-B4AC-4DD3-A979-9BE80A25262F}.Debug|iPhoneSimulator.Build.0 = Debug|Any CPU
		{DB118D4D-B4AC-4DD3-A979-9BE80A25262F}.Debug|iPhoneSimulator.Deploy.0 = Debug|Any CPU
		{DB118D4D-B4AC-4DD3-A979-9BE80A25262F}.Release|Any CPU.ActiveCfg = Release|Any CPU
		{DB118D4D-B4AC-4DD3-A979-9BE80A25262F}.Release|Any CPU.Build.0 = Release|Any CPU
		{DB118D4D-B4AC-4DD3-A979-9BE80A25262F}.Release|Any CPU.Deploy.0 = Release|Any CPU
		{DB118D4D-B4AC-4DD3-A979-9BE80A25262F}.Release|iPhone.ActiveCfg = Release|Any CPU
		{DB118D4D-B4AC-4DD3-A979-9BE80A25262F}.Release|iPhone.Build.0 = Release|Any CPU
		{DB118D4D-B4AC-4DD3-A979-9BE80A25262F}.Release|iPhone.Deploy.0 = Release|Any CPU
		{DB118D4D-B4AC-4DD3-A979-9BE80A25262F}.Release|iPhoneSimulator.ActiveCfg = Release|Any CPU
		{DB118D4D-B4AC-4DD3-A979-9BE80A25262F}.Release|iPhoneSimulator.Build.0 = Release|Any CPU
		{DB118D4D-B4AC-4DD3-A979-9BE80A25262F}.Release|iPhoneSimulator.Deploy.0 = Release|Any CPU
	EndGlobalSection
	GlobalSection(SolutionProperties) = preSolution
		HideSolutionNode = FALSE
	EndGlobalSection
	GlobalSection(ExtensibilityGlobals) = postSolution
		SolutionGuid = {85E122A7-665C-4B0F-8E62-D5B1D1F26BB0}
	EndGlobalSection
EndGlobal
